
Microsoft Visual Studio Solution File, Format Version 12.00
# Visual Studio Version 17
VisualStudioVersion = 17.4.33103.184
MinimumVisualStudioVersion = 10.0.40219.1
Project("{FAE04EC0-301F-11D3-BF4B-00C04F79EFBC}") = "JWT_Token", "JWT_Token\JWT_Token.csproj", "{AF7133AF-25A6-475F-99B7-A4E4687D3448}"
EndProject
Global
	GlobalSection(SolutionConfigurationPlatforms) = preSolution
		Debug|Any CPU = Debug|Any CPU
		Release|Any CPU = Release|Any CPU
	EndGlobalSection
	GlobalSection(ProjectConfigurationPlatforms) = postSolution
		{AF7133AF-25A6-475F-99B7-A4E4687D3448}.Debug|Any CPU.ActiveCfg = Debug|Any CPU
		{AF7133AF-25A6-475F-99B7-A4E4687D3448}.Debug|Any CPU.Build.0 = Debug|Any CPU
		{AF7133AF-25A6-475F-99B7-A4E4687D3448}.Release|Any CPU.ActiveCfg = Release|Any CPU
		{AF7133AF-25A6-475F-99B7-A4E4687D3448}.Release|Any CPU.Build.0 = Release|Any CPU
	EndGlobalSection
	GlobalSection(SolutionProperties) = preSolution
		HideSolutionNode = FALSE
	EndGlobalSection
	GlobalSection(ExtensibilityGlobals) = postSolution
		SolutionGuid = {1C820FC4-B3EE-4927-A4EA-4F09B91279A0}
	EndGlobalSection
EndGlobal
